
Microsoft Visual Studio Solution File, Format Version 12.00
# Visual Studio 15
VisualStudioVersion = 15.0.27130.2027
MinimumVisualStudioVersion = 10.0.40219.1
Project("{9A19103F-16F7-4668-BE54-9A1E7A4F7556}") = "AerariumTech.Pharmacy.App", "AerariumTech.Pharmacy.App\AerariumTech.Pharmacy.App.csproj", "{E36409B1-BC33-486A-A71D-69E641A9712A}"
EndProject
Global
	GlobalSection(SolutionConfigurationPlatforms) = preSolution
		Debug|Any CPU = Debug|Any CPU
		Release|Any CPU = Release|Any CPU
	EndGlobalSection
	GlobalSection(ProjectConfigurationPlatforms) = postSolution
		{E36409B1-BC33-486A-A71D-69E641A9712A}.Debug|Any CPU.ActiveCfg = Debug|Any CPU
		{E36409B1-BC33-486A-A71D-69E641A9712A}.Debug|Any CPU.Build.0 = Debug|Any CPU
		{E36409B1-BC33-486A-A71D-69E641A9712A}.Release|Any CPU.ActiveCfg = Release|Any CPU
		{E36409B1-BC33-486A-A71D-69E641A9712A}.Release|Any CPU.Build.0 = Release|Any CPU
	EndGlobalSection
	GlobalSection(SolutionProperties) = preSolution
		HideSolutionNode = FALSE
	EndGlobalSection
	GlobalSection(ExtensibilityGlobals) = postSolution
		SolutionGuid = {38082AAC-6078-4E4B-81B8-2E9515E94B25}
	EndGlobalSection
EndGlobal
